
Microsoft Visual Studio Solution File, Format Version 12.00
# Visual Studio Version 17
VisualStudioVersion = 17.1.32210.238
MinimumVisualStudioVersion = 10.0.40219.1
Project("{9A19103F-16F7-4668-BE54-9A1E7A4F7556}") = "Robintty.Npoi.Mapper", "Robintty.Npoi.Mapper\Robintty.Npoi.Mapper.csproj", "{15342310-681A-435B-88E3-9099B6822EDF}"
EndProject
Project("{FAE04EC0-301F-11D3-BF4B-00C04F79EFBC}") = "Robintty.Npoi.Mapper.Tests", "Robintty.Npoi.Mapper.Tests\Robintty.Npoi.Mapper.Tests.csproj", "{C3891B83-26CC-4585-8020-C467D1125690}"
EndProject
Global
	GlobalSection(SolutionConfigurationPlatforms) = preSolution
		Debug|Any CPU = Debug|Any CPU
		Release|Any CPU = Release|Any CPU
	EndGlobalSection
	GlobalSection(ProjectConfigurationPlatforms) = postSolution
		{15342310-681A-435B-88E3-9099B6822EDF}.Debug|Any CPU.ActiveCfg = Debug|Any CPU
		{15342310-681A-435B-88E3-9099B6822EDF}.Debug|Any CPU.Build.0 = Debug|Any CPU
		{15342310-681A-435B-88E3-9099B6822EDF}.Release|Any CPU.ActiveCfg = Release|Any CPU
		{15342310-681A-435B-88E3-9099B6822EDF}.Release|Any CPU.Build.0 = Release|Any CPU
		{C3891B83-26CC-4585-8020-C467D1125690}.Debug|Any CPU.ActiveCfg = Debug|Any CPU
		{C3891B83-26CC-4585-8020-C467D1125690}.Debug|Any CPU.Build.0 = Debug|Any CPU
		{C3891B83-26CC-4585-8020-C467D1125690}.Release|Any CPU.ActiveCfg = Release|Any CPU
		{C3891B83-26CC-4585-8020-C467D1125690}.Release|Any CPU.Build.0 = Release|Any CPU
	EndGlobalSection
	GlobalSection(SolutionProperties) = preSolution
		HideSolutionNode = FALSE
	EndGlobalSection
	GlobalSection(ExtensibilityGlobals) = postSolution
		SolutionGuid = {CE113E84-B006-43D8-AE97-D210EA8C587B}
	EndGlobalSection
EndGlobal
